
Microsoft Visual Studio Solution File, Format Version 12.00
# Visual Studio 15
VisualStudioVersion = 15.0.27703.2000
MinimumVisualStudioVersion = 10.0.40219.1
Project("{9A19103F-16F7-4668-BE54-9A1E7A4F7556}") = "PassBook", "PassBook\PassBook.csproj", "{13905D04-CBCE-48E6-B210-E6D324161EF3}"
EndProject
Project("{9A19103F-16F7-4668-BE54-9A1E7A4F7556}") = "Diagnostics", "Diagnostics\Diagnostics.csproj", "{4200AA0A-B4F7-4FF1-854F-C407EE9E9617}"
EndProject
Global
	GlobalSection(SolutionConfigurationPlatforms) = preSolution
		Debug|Any CPU = Debug|Any CPU
		Release|Any CPU = Release|Any CPU
	EndGlobalSection
	GlobalSection(ProjectConfigurationPlatforms) = postSolution
		{13905D04-CBCE-48E6-B210-E6D324161EF3}.Debug|Any CPU.ActiveCfg = Debug|Any CPU
		{13905D04-CBCE-48E6-B210-E6D324161EF3}.Debug|Any CPU.Build.0 = Debug|Any CPU
		{13905D04-CBCE-48E6-B210-E6D324161EF3}.Release|Any CPU.ActiveCfg = Release|Any CPU
		{13905D04-CBCE-48E6-B210-E6D324161EF3}.Release|Any CPU.Build.0 = Release|Any CPU
		{4200AA0A-B4F7-4FF1-854F-C407EE9E9617}.Debug|Any CPU.ActiveCfg = Debug|Any CPU
		{4200AA0A-B4F7-4FF1-854F-C407EE9E9617}.Debug|Any CPU.Build.0 = Debug|Any CPU
		{4200AA0A-B4F7-4FF1-854F-C407EE9E9617}.Release|Any CPU.ActiveCfg = Release|Any CPU
		{4200AA0A-B4F7-4FF1-854F-C407EE9E9617}.Release|Any CPU.Build.0 = Release|Any CPU
	EndGlobalSection
	GlobalSection(SolutionProperties) = preSolution
		HideSolutionNode = FALSE
	EndGlobalSection
	GlobalSection(ExtensibilityGlobals) = postSolution
		SolutionGuid = {AAF69327-9636-4D18-B2F0-5B4067E74B19}
	EndGlobalSection
EndGlobal
